<?xml version="1.0" encoding="utf-8"?>
<Project ToolsVersion="4.0" xmlns="http://schemas.microsoft.com/developer/msbuild/2003">
  <ItemGroup>
    <Filter Include="Source Files">
      <UniqueIdentifier>{4FC737F1-C7A5-4376-A066-2A32D752A2FF}</UniqueIdentifier>
      <Extensions>cpp;c;cc;cxx;c++;cppm;ixx;def;odl;idl;hpj;bat;asm;asmx</Extensions>
    </Filter>
    <Filter Include="Header Files">
      <UniqueIdentifier>{93995380-89BD-4b04-88EB-625FBE52EBFB}</UniqueIdentifier>
      <Extensions>h;hh;hpp;hxx;h++;hm;inl;inc;ipp;xsd</Extensions>
    </Filter>
    <Filter Include="Resource Files">
      <UniqueIdentifier>{67DA6AB6-F800-4c08-8B7A-83BB121AAD01}</UniqueIdentifier>
      <Extensions>rc;ico;cur;bmp;dlg;rc2;rct;bin;rgs;gif;jpg;jpeg;jpe;resx;tiff;tif;png;wav;mfcribbon-ms</Extensions>
    </Filter>
    <Filter Include="Header Files\ClassHeaders">
      <UniqueIdentifier>{9acf91c0-f507-4d2b-ba51-3b31a01b6842}</UniqueIdentifier>
    </Filter>
    <Filter Include="Source Files\ClassImplements">
      <UniqueIdentifier>{c3e87974-77fb-4c48-a1c3-c5c072dea79b}</UniqueIdentifier>
    </Filter>
  </ItemGroup>
  <ItemGroup>
    <ClCompile Include="WinMaster Wrapper.cpp">
      <Filter>Source Files</Filter>
    </ClCompile>
    <ClCompile Include="pch.cpp">
      <Filter>Source Files</Filter>
    </ClCompile>
    <ClCompile Include="BasicEditControlClass.cpp">
      <Filter>Source Files\ClassImplements</Filter>
    </ClCompile>
    <ClCompile Include="BasicFontClass.cpp">
      <Filter>Source Files\ClassImplements</Filter>
    </ClCompile>
    <ClCompile Include="ButtonWindowClass.cpp">
      <Filter>Source Files\ClassImplements</Filter>
    </ClCompile>
    <ClCompile Include="ListBoxClass.cpp">
      <Filter>Source Files\ClassImplements</Filter>
    </ClCompile>
    <ClCompile Include="MainWindowClass.cpp">
      <Filter>Source Files\ClassImplements</Filter>
    </ClCompile>
    <ClCompile Include="TextWindowClass.cpp">
      <Filter>Source Files\ClassImplements</Filter>
    </ClCompile>
  </ItemGroup>
  <ItemGroup>
    <ClInclude Include="BasicEditControlClass.h">
      <Filter>Header Files\ClassHeaders</Filter>
    </ClInclude>
    <ClInclude Include="BasicFontClass.h">
      <Filter>Header Files\ClassHeaders</Filter>
    </ClInclude>
    <ClInclude Include="ButtonWindowClass.h">
      <Filter>Header Files\ClassHeaders</Filter>
    </ClInclude>
    <ClInclude Include="ListBoxClass.h">
      <Filter>Header Files\ClassHeaders</Filter>
    </ClInclude>
    <ClInclude Include="MainWindowClass.h">
      <Filter>Header Files\ClassHeaders</Filter>
    </ClInclude>
    <ClInclude Include="TextWindowClass.h">
      <Filter>Header Files\ClassHeaders</Filter>
    </ClInclude>
    <ClInclude Include="pch.h">
      <Filter>Header Files</Filter>
    </ClInclude>
    <ClInclude Include="WinMaster Wrapper.h" />
  </ItemGroup>
</Project>